dependencies:
- name: vault
  repository: http://storage.googleapis.com/kubernetes-charts-incubator
  version: 0.23.4
- name: etcd
  repository: http://storage.googleapis.com/kubernetes-charts-incubator
  version: 0.7.3
digest: sha256:d5aa0481b035e40ab4a60df30de9604b69379ca8b50a07e469ce04127ffc6281
generated: "2020-01-07T11:10:16.775822161-05:00"
